
Microsoft Visual Studio Solution File, Format Version 12.00
# Visual Studio Version 16
VisualStudioVersion = 16.0.29806.167
MinimumVisualStudioVersion = 10.0.40219.1
Project("{8BC9CEB8-8B4A-11D0-8D11-00A0C91BC942}") = "(DP)2579", "(DP)2579\(DP)2579.vcxproj", "{1B3CE22C-CBF5-4A83-850F-22A1A43F4420}"
EndProject
Global
	GlobalSection(SolutionConfigurationPlatforms) = preSolution
		Debug|x64 = Debug|x64
		Debug|x86 = Debug|x86
		Release|x64 = Release|x64
		Release|x86 = Release|x86
	EndGlobalSection
	GlobalSection(ProjectConfigurationPlatforms) = postSolution
		{1B3CE22C-CBF5-4A83-850F-22A1A43F4420}.Debug|x64.ActiveCfg = Debug|x64
		{1B3CE22C-CBF5-4A83-850F-22A1A43F4420}.Debug|x64.Build.0 = Debug|x64
		{1B3CE22C-CBF5-4A83-850F-22A1A43F4420}.Debug|x86.ActiveCfg = Debug|Win32
		{1B3CE22C-CBF5-4A83-850F-22A1A43F4420}.Debug|x86.Build.0 = Debug|Win32
		{1B3CE22C-CBF5-4A83-850F-22A1A43F4420}.Release|x64.ActiveCfg = Release|x64
		{1B3CE22C-CBF5-4A83-850F-22A1A43F4420}.Release|x64.Build.0 = Release|x64
		{1B3CE22C-CBF5-4A83-850F-22A1A43F4420}.Release|x86.ActiveCfg = Release|Win32
		{1B3CE22C-CBF5-4A83-850F-22A1A43F4420}.Release|x86.Build.0 = Release|Win32
	EndGlobalSection
	GlobalSection(SolutionProperties) = preSolution
		HideSolutionNode = FALSE
	EndGlobalSection
	GlobalSection(ExtensibilityGlobals) = postSolution
		SolutionGuid = {8DC72D16-144E-4A35-AB80-0F9E319B8907}
	EndGlobalSection
EndGlobal
